
Microsoft Visual Studio Solution File, Format Version 12.00
# Visual Studio Version 17
VisualStudioVersion = 17.7.34221.43
MinimumVisualStudioVersion = 10.0.40219.1
Project("{FAE04EC0-301F-11D3-BF4B-00C04F79EFBC}") = "CoreApplication", "CoreApplication\CoreApplication.csproj", "{29675099-D5C0-4995-87AD-7436E51740CD}"
EndProject
Global
	GlobalSection(SolutionConfigurationPlatforms) = preSolution
		Debug|Any CPU = Debug|Any CPU
		Release|Any CPU = Release|Any CPU
	EndGlobalSection
	GlobalSection(ProjectConfigurationPlatforms) = postSolution
		{29675099-D5C0-4995-87AD-7436E51740CD}.Debug|Any CPU.ActiveCfg = Debug|Any CPU
		{29675099-D5C0-4995-87AD-7436E51740CD}.Debug|Any CPU.Build.0 = Debug|Any CPU
		{29675099-D5C0-4995-87AD-7436E51740CD}.Release|Any CPU.ActiveCfg = Release|Any CPU
		{29675099-D5C0-4995-87AD-7436E51740CD}.Release|Any CPU.Build.0 = Release|Any CPU
	EndGlobalSection
	GlobalSection(SolutionProperties) = preSolution
		HideSolutionNode = FALSE
	EndGlobalSection
	GlobalSection(ExtensibilityGlobals) = postSolution
		SolutionGuid = {1F54D24E-EFE6-466F-98A6-1AACB3DD7E67}
	EndGlobalSection
EndGlobal
